// !$*UTF8*$!
{
	archiveVersion = 1;
	classes = {
	};
	objectVersion = 46;
	objects = {

/* Begin PBXBuildFile section */
		D3E214511A411C2B0031BE7F /* main.m in Sources */ = {isa = PBXBuildFile; fileRef = D3E214501A411C2B0031BE7F /* main.m */; };
		D3E214541A411C2B0031BE7F /* AppDelegate.m in Sources */ = {isa = PBXBuildFile; fileRef = D3E214531A411C2B0031BE7F /* AppDelegate.m */; };
		D3E214571A411C2B0031BE7F /* ViewController.m in Sources */ = {isa = PBXBuildFile; fileRef = D3E214561A411C2B0031BE7F /* ViewController.m */; };
		D3E2145A1A411C2B0031BE7F /* Main.storyboard in Resources */ = {isa = PBXBuildFile; fileRef = D3E214581A411C2B0031BE7F /* Main.storyboard */; };
		D3E2145C1A411C2B0031BE7F /* Images.xcassets in Resources */ = {isa = PBXBuildFile; fileRef = D3E2145B1A411C2B0031BE7F /* Images.xcassets */; };
		D3E2145F1A411C2B0031BE7F /* LaunchScreen.xib in Resources */ = {isa = PBXBuildFile; fileRef = D3E2145D1A411C2B0031BE7F /* LaunchScreen.xib */; };
		D3E2146B1A411C2B0031BE7F /* FSDropDownMenuTests.m in Sources */ = {isa = PBXBuildFile; fileRef = D3E2146A1A411C2B0031BE7F /* FSDropDownMenuTests.m */; };
		D3E214771A411C5B0031BE7F /* FSDropDownMenu.m in Sources */ = {isa = PBXBuildFile; fileRef = D3E214761A411C5B0031BE7F /* FSDropDownMenu.m */; };
		D3E902801A428E66002A7F7A /* expandableImage@2x.png in Resources */ = {isa = PBXBuildFile; fileRef = D3E9027F1A428E66002A7F7A /* expandableImage@2x.png */; };
/* End PBXBuildFile section */

/* Begin PBXContainerItemProxy section */
		D3E214651A411C2B0031BE7F /* PBXContainerItemProxy */ = {
			isa = PBXContainerItemProxy;
			containerPortal = D3E214431A411C2B0031BE7F /* Project object */;
			proxyType = 1;
			remoteGlobalIDString = D3E2144A1A411C2B0031BE7F;
			remoteInfo = FSDropDownMenu;
		};
/* End PBXContainerItemProxy section */

/* Begin PBXFileReference section */
		D3E2144B1A411C2B0031BE7F /* FSDropDownMenu.app */ = {isa = PBXFileReference; explicitFileType = wrapper.application; includeInIndex = 0; path = FSDropDownMenu.app; sourceTree = BUILT_PRODUCTS_DIR; };
		D3E2144F1A411C2B0031BE7F /* Info.plist */ = {isa = PBXFileReference; lastKnownFileType = text.plist.xml; path = Info.plist; sourceTree = "<group>"; };
		D3E214501A411C2B0031BE7F /* main.m */ = {isa = PBXFileReference; lastKnownFileType = sourcecode.c.objc; path = main.m; sourceTree = "<group>"; };
		D3E214521A411C2B0031BE7F /* AppDelegate.h */ = {isa = PBXFileReference; lastKnownFileType = sourcecode.c.h; path = AppDelegate.h; sourceTree = "<group>"; };
		D3E214531A411C2B0031BE7F /* AppDelegate.m */ = {isa = PBXFileReference; lastKnownFileType = sourcecode.c.objc; path = AppDelegate.m; sourceTree = "<group>"; };
		D3E214551A411C2B0031BE7F /* ViewController.h */ = {isa = PBXFileReference; lastKnownFileType = sourcecode.c.h; path = ViewController.h; sourceTree = "<group>"; };
		D3E214561A411C2B0031BE7F /* ViewController.m */ = {isa = PBXFileReference; lastKnownFileType = sourcecode.c.objc; path = ViewController.m; sourceTree = "<group>"; };
		D3E214591A411C2B0031BE7F /* Base */ = {isa = PBXFileReference; lastKnownFileType = file.storyboard; name = Base; path = Base.lproj/Main.storyboard; sourceTree = "<group>"; };
		D3E2145B1A411C2B0031BE7F /* Images.xcassets */ = {isa = PBXFileReference; lastKnownFileType = folder.assetcatalog; path = Images.xcassets; sourceTree = "<group>"; };
		D3E2145E1A411C2B0031BE7F /* Base */ = {isa = PBXFileReference; lastKnownFileType = file.xib; name = Base; path = Base.lproj/LaunchScreen.xib; sourceTree = "<group>"; };
		D3E214641A411C2B0031BE7F /* FSDropDownMenuTests.xctest */ = {isa = PBXFileReference; explicitFileType = wrapper.cfbundle; includeInIndex = 0; path = FSDropDownMenuTests.xctest; sourceTree = BUILT_PRODUCTS_DIR; };
		D3E214691A411C2B0031BE7F /* Info.plist */ = {isa = PBXFileReference; lastKnownFileType = text.plist.xml; path = Info.plist; sourceTree = "<group>"; };
		D3E2146A1A411C2B0031BE7F /* FSDropDownMenuTests.m */ = {isa = PBXFileReference; lastKnownFileType = sourcecode.c.objc; path = FSDropDownMenuTests.m; sourceTree = "<group>"; };
		D3E214751A411C5B0031BE7F /* FSDropDownMenu.h */ = {isa = PBXFileReference; fileEncoding = 4; lastKnownFileType = sourcecode.c.h; path = FSDropDownMenu.h; sourceTree = "<group>"; };
		D3E214761A411C5B0031BE7F /* FSDropDownMenu.m */ = {isa = PBXFileReference; fileEncoding = 4; lastKnownFileType = sourcecode.c.objc; path = FSDropDownMenu.m; sourceTree = "<group>"; };
		D3E9027F1A428E66002A7F7A /* expandableImage@2x.png */ = {isa = PBXFileReference; lastKnownFileType = image.png; path = "expandableImage@2x.png"; sourceTree = "<group>"; };
/* End PBXFileReference section */

/* Begin PBXFrameworksBuildPhase section */
		D3E214481A411C2B0031BE7F /* Frameworks */ = {
			isa = PBXFrameworksBuildPhase;
			buildActionMask = 2147483647;
			files = (
			);
			runOnlyForDeploymentPostprocessing = 0;
		};
		D3E214611A411C2B0031BE7F /* Frameworks */ = {
			isa = PBXFrameworksBuildPhase;
			buildActionMask = 2147483647;
			files = (
			);
			runOnlyForDeploymentPostprocessing = 0;
		};
/* End PBXFrameworksBuildPhase section */

/* Begin PBXGroup section */
		D3E214421A411C2B0031BE7F = {
			isa = PBXGroup;
			children = (
				D3E2144D1A411C2B0031BE7F /* FSDropDownMenu */,
				D3E214671A411C2B0031BE7F /* FSDropDownMenuTests */,
				D3E2144C1A411C2B0031BE7F /* Products */,
			);
			sourceTree = "<group>";
		};
		D3E2144C1A411C2B0031BE7F /* Products */ = {
			isa = PBXGroup;
			children = (
				D3E2144B1A411C2B0031BE7F /* FSDropDownMenu.app */,
				D3E214641A411C2B0031BE7F /* FSDropDownMenuTests.xctest */,
			);
			name = Products;
			sourceTree = "<group>";
		};
		D3E2144D1A411C2B0031BE7F /* FSDropDownMenu */ = {
			isa = PBXGroup;
			children = (
				D3E214741A411C440031BE7F /* FSDropDownMenu */,
				D3E214521A411C2B0031BE7F /* AppDelegate.h */,
				D3E214531A411C2B0031BE7F /* AppDelegate.m */,
				D3E214551A411C2B0031BE7F /* ViewController.h */,
				D3E214561A411C2B0031BE7F /* ViewController.m */,
				D3E9027F1A428E66002A7F7A /* expandableImage@2x.png */,
				D3E214581A411C2B0031BE7F /* Main.storyboard */,
				D3E2145B1A411C2B0031BE7F /* Images.xcassets */,
				D3E2145D1A411C2B0031BE7F /* LaunchScreen.xib */,
				D3E2144E1A411C2B0031BE7F /* Supporting Files */,
			);
			path = FSDropDownMenu;
			sourceTree = "<group>";
		};
		D3E2144E1A411C2B0031BE7F /* Supporting Files */ = {
			isa = PBXGroup;
			children = (
				D3E2144F1A411C2B0031BE7F /* Info.plist */,
				D3E214501A411C2B0031BE7F /* main.m */,
			);
			name = "Supporting Files";
			sourceTree = "<group>";
		};
		D3E214671A411C2B0031BE7F /* FSDropDownMenuTests */ = {
			isa = PBXGroup;
			children = (
				D3E2146A1A411C2B0031BE7F /* FSDropDownMenuTests.m */,
				D3E214681A411C2B0031BE7F /* Supporting Files */,
			);
			path = FSDropDownMenuTests;
			sourceTree = "<group>";
		};
		D3E214681A411C2B0031BE7F /* Supporting Files */ = {
			isa = PBXGroup;
			children = (
				D3E214691A411C2B0031BE7F /* Info.plist */,
			);
			name = "Supporting Files";
			sourceTree = "<group>";
		};
		D3E214741A411C440031BE7F /* FSDropDownMenu */ = {
			isa = PBXGroup;
			children = (
				D3E214751A411C5B0031BE7F /* FSDropDownMenu.h */,
				D3E214761A411C5B0031BE7F /* FSDropDownMenu.m */,
			);
			path = FSDropDownMenu;
			sourceTree = "<group>";
		};
/* End PBXGroup section */

/* Begin PBXNativeTarget section */
		D3E2144A1A411C2B0031BE7F /* FSDropDownMenu */ = {
			isa = PBXNativeTarget;
			buildConfigurationList = D3E2146E1A411C2B0031BE7F /* Build configuration list for PBXNativeTarget "FSDropDownMenu" */;
			buildPhases = (
				D3E214471A411C2B0031BE7F /* Sources */,
				D3E214481A411C2B0031BE7F /* Frameworks */,
				D3E214491A411C2B0031BE7F /* Resources */,
			);
			buildRules = (
			);
			dependencies = (
			);
			name = FSDropDownMenu;
			productName = FSDropDownMenu;
			productReference = D3E2144B1A411C2B0031BE7F /* FSDropDownMenu.app */;
			productType = "com.apple.product-type.application";
		};
		D3E214631A411C2B0031BE7F /* FSDropDownMenuTests */ = {
			isa = PBXNativeTarget;
			buildConfigurationList = D3E214711A411C2B0031BE7F /* Build configuration list for PBXNativeTarget "FSDropDownMenuTests" */;
			buildPhases = (
				D3E214601A411C2B0031BE7F /* Sources */,
				D3E214611A411C2B0031BE7F /* Frameworks */,
				D3E214621A411C2B0031BE7F /* Resources */,
			);
			buildRules = (
			);
			dependencies = (
				D3E214661A411C2B0031BE7F /* PBXTargetDependency */,
			);
			name = FSDropDownMenuTests;
			productName = FSDropDownMenuTests;
			productReference = D3E214641A411C2B0031BE7F /* FSDropDownMenuTests.xctest */;
			productType = "com.apple.product-type.bundle.unit-test";
		};
/* End PBXNativeTarget section */

/* Begin PBXProject section */
		D3E214431A411C2B0031BE7F /* Project object */ = {
			isa = PBXProject;
			attributes = {
				LastUpgradeCheck = 0610;
				ORGANIZATIONNAME = chx;
				TargetAttributes = {
					D3E2144A1A411C2B0031BE7F = {
						CreatedOnToolsVersion = 6.1;
					};
					D3E214631A411C2B0031BE7F = {
						CreatedOnToolsVersion = 6.1;
						TestTargetID = D3E2144A1A411C2B0031BE7F;
					};
				};
			};
			buildConfigurationList = D3E214461A411C2B0031BE7F /* Build configuration list for PBXProject "FSDropDownMenu" */;
			compatibilityVersion = "Xcode 3.2";
			developmentRegion = English;
			hasScannedForEncodings = 0;
			knownRegions = (
				en,
				Base,
			);
			mainGroup = D3E214421A411C2B0031BE7F;
			productRefGroup = D3E2144C1A411C2B0031BE7F /* Products */;
			projectDirPath = "";
			projectRoot = "";
			targets = (
				D3E2144A1A411C2B0031BE7F /* FSDropDownMenu */,
				D3E214631A411C2B0031BE7F /* FSDropDownMenuTests */,
			);
		};
/* End PBXProject section */

/* Begin PBXResourcesBuildPhase section */
		D3E214491A411C2B0031BE7F /* Resources */ = {
			isa = PBXResourcesBuildPhase;
			buildActionMask = 2147483647;
			files = (
				D3E2145A1A411C2B0031BE7F /* Main.storyboard in Resources */,
				D3E902801A428E66002A7F7A /* expandableImage@2x.png in Resources */,
				D3E2145F1A411C2B0031BE7F /* LaunchScreen.xib in Resources */,
				D3E2145C1A411C2B0031BE7F /* Images.xcassets in Resources */,
			);
			runOnlyForDeploymentPostprocessing = 0;
		};
		D3E214621A411C2B0031BE7F /* Resources */ = {
			isa = PBXResourcesBuildPhase;
			buildActionMask = 2147483647;
			files = (
			);
			runOnlyForDeploymentPostprocessing = 0;
		};
/* End PBXResourcesBuildPhase section */

/* Begin PBXSourcesBuildPhase section */
		D3E214471A411C2B0031BE7F /* Sources */ = {
			isa = PBXSourcesBuildPhase;
			buildActionMask = 2147483647;
			files = (
				D3E214571A411C2B0031BE7F /* ViewController.m in Sources */,
				D3E214541A411C2B0031BE7F /* AppDelegate.m in Sources */,
				D3E214771A411C5B0031BE7F /* FSDropDownMenu.m in Sources */,
				D3E214511A411C2B0031BE7F /* main.m in Sources */,
			);
			runOnlyForDeploymentPostprocessing = 0;
		};
		D3E214601A411C2B0031BE7F /* Sources */ = {
			isa = PBXSourcesBuildPhase;
			buildActionMask = 2147483647;
			files = (
				D3E2146B1A411C2B0031BE7F /* FSDropDownMenuTests.m in Sources */,
			);
			runOnlyForDeploymentPostprocessing = 0;
		};
/* End PBXSourcesBuildPhase section */

/* Begin PBXTargetDependency section */
		D3E214661A411C2B0031BE7F /* PBXTargetDependency */ = {
			isa = PBXTargetDependency;
			target = D3E2144A1A411C2B0031BE7F /* FSDropDownMenu */;
			targetProxy = D3E214651A411C2B0031BE7F /* PBXContainerItemProxy */;
		};
/* End PBXTargetDependency section */

/* Begin PBXVariantGroup section */
		D3E214581A411C2B0031BE7F /* Main.storyboard */ = {
			isa = PBXVariantGroup;
			children = (
				D3E214591A411C2B0031BE7F /* Base */,
			);
			name = Main.storyboard;
			sourceTree = "<group>";
		};
		D3E2145D1A411C2B0031BE7F /* LaunchScreen.xib */ = {
			isa = PBXVariantGroup;
			children = (
				D3E2145E1A411C2B0031BE7F /* Base */,
			);
			name = LaunchScreen.xib;
			sourceTree = "<group>";
		};
/* End PBXVariantGroup section */

/* Begin XCBuildConfiguration section */
		D3E2146C1A411C2B0031BE7F /* Debug */ = {
			isa = XCBuildConfiguration;
			buildSettings = {
				ALWAYS_SEARCH_USER_PATHS = NO;
				CLANG_CXX_LANGUAGE_STANDARD = "gnu++0x";
				CLANG_CXX_LIBRARY = "libc++";
				CLANG_ENABLE_MODULES = YES;
				CLANG_ENABLE_OBJC_ARC = YES;
				CLANG_WARN_BOOL_CONVERSION = YES;
				CLANG_WARN_CONSTANT_CONVERSION = YES;
				CLANG_WARN_DIRECT_OBJC_ISA_USAGE = YES_ERROR;
				CLANG_WARN_EMPTY_BODY = YES;
				CLANG_WARN_ENUM_CONVERSION = YES;
				CLANG_WARN_INT_CONVERSION = YES;
				CLANG_WARN_OBJC_ROOT_CLASS = YES_ERROR;
				CLANG_WARN_UNREACHABLE_CODE = YES;
				CLANG_WARN__DUPLICATE_METHOD_MATCH = YES;
				"CODE_SIGN_IDENTITY[sdk=iphoneos*]" = "iPhone Developer";
				COPY_PHASE_STRIP = NO;
				ENABLE_STRICT_OBJC_MSGSEND = YES;
				GCC_C_LANGUAGE_STANDARD = gnu99;
				GCC_DYNAMIC_NO_PIC = NO;
				GCC_OPTIMIZATION_LEVEL = 0;
				GCC_PREPROCESSOR_DEFINITIONS = (
					"DEBUG=1",
					"$(inherited)",
				);
				GCC_SYMBOLS_PRIVATE_EXTERN = NO;
				GCC_WARN_64_TO_32_BIT_CONVERSION = YES;
				GCC_WARN_ABOUT_RETURN_TYPE = YES_ERROR;
				GCC_WARN_UNDECLARED_SELECTOR = YES;
				GCC_WARN_UNINITIALIZED_AUTOS = YES_AGGRESSIVE;
				GCC_WARN_UNUSED_FUNCTION = YES;
				GCC_WARN_UNUSED_VARIABLE = YES;
				IPHONEOS_DEPLOYMENT_TARGET = 8.1;
				MTL_ENABLE_DEBUG_INFO = YES;
				ONLY_ACTIVE_ARCH = YES;
				SDKROOT = iphoneos;
			};
			name = Debug;
		};
		D3E2146D1A411C2B0031BE7F /* Release */ = {
			isa = XCBuildConfiguration;
			buildSettings = {
				ALWAYS_SEARCH_USER_PATHS = NO;
				CLANG_CXX_LANGUAGE_STANDARD = "gnu++0x";
				CLANG_CXX_LIBRARY = "libc++";
				CLANG_ENABLE_MODULES = YES;
				CLANG_ENABLE_OBJC_ARC = YES;
				CLANG_WARN_BOOL_CONVERSION = YES;
				CLANG_WARN_CONSTANT_CONVERSION = YES;
				CLANG_WARN_DIRECT_OBJC_ISA_USAGE = YES_ERROR;
				CLANG_WARN_EMPTY_BODY = YES;
				CLANG_WARN_ENUM_CONVERSION = YES;
				CLANG_WARN_INT_CONVERSION = YES;
				CLANG_WARN_OBJC_ROOT_CLASS = YES_ERROR;
				CLANG_WARN_UNREACHABLE_CODE = YES;
				CLANG_WARN__DUPLICATE_METHOD_MATCH = YES;
				"CODE_SIGN_IDENTITY[sdk=iphoneos*]" = "iPhone Developer";
				COPY_PHASE_STRIP = YES;
				ENABLE_NS_ASSERTIONS = NO;
				ENABLE_STRICT_OBJC_MSGSEND = YES;
				GCC_C_LANGUAGE_STANDARD = gnu99;
				GCC_WARN_64_TO_32_BIT_CONVERSION = YES;
				GCC_WARN_ABOUT_RETURN_TYPE = YES_ERROR;
				GCC_WARN_UNDECLARED_SELECTOR = YES;
				GCC_WARN_UNINITIALIZED_AUTOS = YES_AGGRESSIVE;
				GCC_WARN_UNUSED_FUNCTION = YES;
				GCC_WARN_UNUSED_VARIABLE = YES;
				IPHONEOS_DEPLOYMENT_TARGET = 8.1;
				MTL_ENABLE_DEBUG_INFO = NO;
				SDKROOT = iphoneos;
				VALIDATE_PRODUCT = YES;
			};
			name = Release;
		};
		D3E2146F1A411C2B0031BE7F /* Debug */ = {
			isa = XCBuildConfiguration;
			buildSettings = {
				ASSETCATALOG_COMPILER_APPICON_NAME = AppIcon;
				INFOPLIST_FILE = FSDropDownMenu/Info.plist;
				LD_RUNPATH_SEARCH_PATHS = "$(inherited) @executable_path/Frameworks";
				PRODUCT_NAME = "$(TARGET_NAME)";
			};
			name = Debug;
		};
		D3E214701A411C2B0031BE7F /* Release */ = {
			isa = XCBuildConfiguration;
			buildSettings = {
				ASSETCATALOG_COMPILER_APPICON_NAME = AppIcon;
				INFOPLIST_FILE = FSDropDownMenu/Info.plist;
				LD_RUNPATH_SEARCH_PATHS = "$(inherited) @executable_path/Frameworks";
				PRODUCT_NAME = "$(TARGET_NAME)";
			};
			name = Release;
		};
		D3E214721A411C2B0031BE7F /* Debug */ = {
			isa = XCBuildConfiguration;
			buildSettings = {
				BUNDLE_LOADER = "$(TEST_HOST)";
				FRAMEWORK_SEARCH_PATHS = (
					"$(SDKROOT)/Developer/Library/Frameworks",
					"$(inherited)",
				);
				GCC_PREPROCESSOR_DEFINITIONS = (
					"DEBUG=1",
					"$(inherited)",
				);
				INFOPLIST_FILE = FSDropDownMenuTests/Info.plist;
				LD_RUNPATH_SEARCH_PATHS = "$(inherited) @executable_path/Frameworks @loader_path/Frameworks";
				PRODUCT_NAME = "$(TARGET_NAME)";
				TEST_HOST = "$(BUILT_PRODUCTS_DIR)/FSDropDownMenu.app/FSDropDownMenu";
			};
			name = Debug;
		};
		D3E214731A411C2B0031BE7F /* Release */ = {
			isa = XCBuildConfiguration;
			buildSettings = {
				BUNDLE_LOADER = "$(TEST_HOST)";
				FRAMEWORK_SEARCH_PATHS = (
					"$(SDKROOT)/Developer/Library/Frameworks",
					"$(inherited)",
				);
				INFOPLIST_FILE = FSDropDownMenuTests/Info.plist;
				LD_RUNPATH_SEARCH_PATHS = "$(inherited) @executable_path/Frameworks @loader_path/Frameworks";
				PRODUCT_NAME = "$(TARGET_NAME)";
				TEST_HOST = "$(BUILT_PRODUCTS_DIR)/FSDropDownMenu.app/FSDropDownMenu";
			};
			name = Release;
		};
/* End XCBuildConfiguration section */

/* Begin XCConfigurationList section */
		D3E214461A411C2B0031BE7F /* Build configuration list for PBXProject "FSDropDownMenu" */ = {
			isa = XCConfigurationList;
			buildConfigurations = (
				D3E2146C1A411C2B0031BE7F /* Debug */,
				D3E2146D1A411C2B0031BE7F /* Release */,
			);
			defaultConfigurationIsVisible = 0;
			defaultConfigurationName = Release;
		};
		D3E2146E1A411C2B0031BE7F /* Build configuration list for PBXNativeTarget "FSDropDownMenu" */ = {
			isa = XCConfigurationList;
			buildConfigurations = (
				D3E2146F1A411C2B0031BE7F /* Debug */,
				D3E214701A411C2B0031BE7F /* Release */,
			);
			defaultConfigurationIsVisible = 0;
			defaultConfigurationName = Release;
		};
		D3E214711A411C2B0031BE7F /* Build configuration list for PBXNativeTarget "FSDropDownMenuTests" */ = {
			isa = XCConfigurationList;
			buildConfigurations = (
				D3E214721A411C2B0031BE7F /* Debug */,
				D3E214731A411C2B0031BE7F /* Release */,
			);
			defaultConfigurationIsVisible = 0;
			defaultConfigurationName = Release;
		};
/* End XCConfigurationList section */
	};
	rootObject = D3E214431A411C2B0031BE7F /* Project object */;
}
